
Microsoft Visual Studio Solution File, Format Version 12.00
# Visual Studio Version 16
VisualStudioVersion = 16.0.30517.126
MinimumVisualStudioVersion = 10.0.40219.1
Project("{FAE04EC0-301F-11D3-BF4B-00C04F79EFBC}") = "MailSender", "MailSender\MailSender.csproj", "{36AFD88E-ADB5-45DA-9874-DA1286D70964}"
EndProject
Global
	GlobalSection(SolutionConfigurationPlatforms) = preSolution
		Debug|Any CPU = Debug|Any CPU
		Release|Any CPU = Release|Any CPU
	EndGlobalSection
	GlobalSection(ProjectConfigurationPlatforms) = postSolution
		{36AFD88E-ADB5-45DA-9874-DA1286D70964}.Debug|Any CPU.ActiveCfg = Debug|Any CPU
		{36AFD88E-ADB5-45DA-9874-DA1286D70964}.Debug|Any CPU.Build.0 = Debug|Any CPU
		{36AFD88E-ADB5-45DA-9874-DA1286D70964}.Release|Any CPU.ActiveCfg = Release|Any CPU
		{36AFD88E-ADB5-45DA-9874-DA1286D70964}.Release|Any CPU.Build.0 = Release|Any CPU
	EndGlobalSection
	GlobalSection(SolutionProperties) = preSolution
		HideSolutionNode = FALSE
	EndGlobalSection
	GlobalSection(ExtensibilityGlobals) = postSolution
		SolutionGuid = {69290C4B-3F80-444B-B59A-88BBE94D39DA}
	EndGlobalSection
EndGlobal
